
Microsoft Visual Studio Solution File, Format Version 12.00
# Visual Studio Version 17
VisualStudioVersion = 17.5.002.0
MinimumVisualStudioVersion = 10.0.40219.1
Project("{9A19103F-16F7-4668-BE54-9A1E7A4F7556}") = "MudBlzTheme", "MudBlzTheme.csproj", "{68B2C8E0-DD59-41AF-AE52-FDDE959318A1}"
EndProject
Global
	GlobalSection(SolutionConfigurationPlatforms) = preSolution
		Debug|Any CPU = Debug|Any CPU
		Release|Any CPU = Release|Any CPU
	EndGlobalSection
	GlobalSection(ProjectConfigurationPlatforms) = postSolution
		{68B2C8E0-DD59-41AF-AE52-FDDE959318A1}.Debug|Any CPU.ActiveCfg = Debug|Any CPU
		{68B2C8E0-DD59-41AF-AE52-FDDE959318A1}.Debug|Any CPU.Build.0 = Debug|Any CPU
		{68B2C8E0-DD59-41AF-AE52-FDDE959318A1}.Release|Any CPU.ActiveCfg = Release|Any CPU
		{68B2C8E0-DD59-41AF-AE52-FDDE959318A1}.Release|Any CPU.Build.0 = Release|Any CPU
	EndGlobalSection
	GlobalSection(SolutionProperties) = preSolution
		HideSolutionNode = FALSE
	EndGlobalSection
	GlobalSection(ExtensibilityGlobals) = postSolution
		SolutionGuid = {042B6F03-31B7-4290-B1EA-679D3A059E21}
	EndGlobalSection
EndGlobal
